
Microsoft Visual Studio Solution File, Format Version 12.00
# Visual Studio 15
VisualStudioVersion = 15.0.28307.1500
MinimumVisualStudioVersion = 10.0.40219.1
Project("{8BC9CEB8-8B4A-11D0-8D11-00A0C91BC942}") = "EasyTcpServer2.3", "EasyTcpServer2.3\EasyTcpServer2.3.vcxproj", "{8AD3C6CA-6674-4B20-A54B-609228503FA6}"
EndProject
Project("{8BC9CEB8-8B4A-11D0-8D11-00A0C91BC942}") = "EasyTcpClient2.3", "EasyTcpClient2.3\EasyTcpClient2.3.vcxproj", "{0587D7DC-0AA9-4E8E-9A3F-26C9168C4966}"
EndProject
Project("{8BC9CEB8-8B4A-11D0-8D11-00A0C91BC942}") = "EasyTcpServer2.4", "EasyTcpServer2.4\EasyTcpServer2.4.vcxproj", "{F8E43156-B216-4C4F-837F-A5C64A1F3642}"
EndProject
Project("{8BC9CEB8-8B4A-11D0-8D11-00A0C91BC942}") = "ByteStreamForClientGo", "BitStreamForClientGo\BitStreamForClientGo.vcxproj", "{8ABA1259-FC8D-4693-896C-080BA0496CFA}"
EndProject
Project("{8BC9CEB8-8B4A-11D0-8D11-00A0C91BC942}") = "EasyTcpDLLGo", "EasyTcpDLLGo\EasyTcpDLLGo.vcxproj", "{662F3F78-8ABF-4FA7-83B7-10600C8A09DA}"
EndProject
Project("{8BC9CEB8-8B4A-11D0-8D11-00A0C91BC942}") = "TestDLL", "TestDLL\TestDLL.vcxproj", "{375A75F2-29BA-448D-BBAC-9587CA841207}"
EndProject
Project("{8BC9CEB8-8B4A-11D0-8D11-00A0C91BC942}") = "EasyTcpClientPulgin", "EasyTcpClientPulgin\EasyTcpClientPulgin.vcxproj", "{BB5DEE8F-85DC-4C49-9C11-02FBC0AABB4C}"
EndProject
Project("{8BC9CEB8-8B4A-11D0-8D11-00A0C91BC942}") = "EasyTcpServer2.5", "EasyTcpServer2.5\EasyTcpServer2.5.vcxproj", "{D735F988-0EE6-416A-8F09-36E220E1D379}"
EndProject
Global
	GlobalSection(SolutionConfigurationPlatforms) = preSolution
		Debug|x64 = Debug|x64
		Debug|x86 = Debug|x86
		Release|x64 = Release|x64
		Release|x86 = Release|x86
	EndGlobalSection
	GlobalSection(ProjectConfigurationPlatforms) = postSolution
		{8AD3C6CA-6674-4B20-A54B-609228503FA6}.Debug|x64.ActiveCfg = Debug|x64
		{8AD3C6CA-6674-4B20-A54B-609228503FA6}.Debug|x64.Build.0 = Debug|x64
		{8AD3C6CA-6674-4B20-A54B-609228503FA6}.Debug|x86.ActiveCfg = Debug|Win32
		{8AD3C6CA-6674-4B20-A54B-609228503FA6}.Debug|x86.Build.0 = Debug|Win32
		{8AD3C6CA-6674-4B20-A54B-609228503FA6}.Release|x64.ActiveCfg = Release|x64
		{8AD3C6CA-6674-4B20-A54B-609228503FA6}.Release|x64.Build.0 = Release|x64
		{8AD3C6CA-6674-4B20-A54B-609228503FA6}.Release|x86.ActiveCfg = Release|Win32
		{8AD3C6CA-6674-4B20-A54B-609228503FA6}.Release|x86.Build.0 = Release|Win32
		{0587D7DC-0AA9-4E8E-9A3F-26C9168C4966}.Debug|x64.ActiveCfg = Debug|x64
		{0587D7DC-0AA9-4E8E-9A3F-26C9168C4966}.Debug|x64.Build.0 = Debug|x64
		{0587D7DC-0AA9-4E8E-9A3F-26C9168C4966}.Debug|x86.ActiveCfg = Debug|Win32
		{0587D7DC-0AA9-4E8E-9A3F-26C9168C4966}.Debug|x86.Build.0 = Debug|Win32
		{0587D7DC-0AA9-4E8E-9A3F-26C9168C4966}.Release|x64.ActiveCfg = Release|x64
		{0587D7DC-0AA9-4E8E-9A3F-26C9168C4966}.Release|x64.Build.0 = Release|x64
		{0587D7DC-0AA9-4E8E-9A3F-26C9168C4966}.Release|x86.ActiveCfg = Release|Win32
		{0587D7DC-0AA9-4E8E-9A3F-26C9168C4966}.Release|x86.Build.0 = Release|Win32
		{F8E43156-B216-4C4F-837F-A5C64A1F3642}.Debug|x64.ActiveCfg = Debug|x64
		{F8E43156-B216-4C4F-837F-A5C64A1F3642}.Debug|x64.Build.0 = Debug|x64
		{F8E43156-B216-4C4F-837F-A5C64A1F3642}.Debug|x86.ActiveCfg = Debug|Win32
		{F8E43156-B216-4C4F-837F-A5C64A1F3642}.Debug|x86.Build.0 = Debug|Win32
		{F8E43156-B216-4C4F-837F-A5C64A1F3642}.Release|x64.ActiveCfg = Release|x64
		{F8E43156-B216-4C4F-837F-A5C64A1F3642}.Release|x64.Build.0 = Release|x64
		{F8E43156-B216-4C4F-837F-A5C64A1F3642}.Release|x86.ActiveCfg = Release|Win32
		{F8E43156-B216-4C4F-837F-A5C64A1F3642}.Release|x86.Build.0 = Release|Win32
		{8ABA1259-FC8D-4693-896C-080BA0496CFA}.Debug|x64.ActiveCfg = Debug|x64
		{8ABA1259-FC8D-4693-896C-080BA0496CFA}.Debug|x64.Build.0 = Debug|x64
		{8ABA1259-FC8D-4693-896C-080BA0496CFA}.Debug|x86.ActiveCfg = Debug|Win32
		{8ABA1259-FC8D-4693-896C-080BA0496CFA}.Debug|x86.Build.0 = Debug|Win32
		{8ABA1259-FC8D-4693-896C-080BA0496CFA}.Release|x64.ActiveCfg = Release|x64
		{8ABA1259-FC8D-4693-896C-080BA0496CFA}.Release|x64.Build.0 = Release|x64
		{8ABA1259-FC8D-4693-896C-080BA0496CFA}.Release|x86.ActiveCfg = Release|Win32
		{8ABA1259-FC8D-4693-896C-080BA0496CFA}.Release|x86.Build.0 = Release|Win32
		{662F3F78-8ABF-4FA7-83B7-10600C8A09DA}.Debug|x64.ActiveCfg = Debug|x64
		{662F3F78-8ABF-4FA7-83B7-10600C8A09DA}.Debug|x64.Build.0 = Debug|x64
		{662F3F78-8ABF-4FA7-83B7-10600C8A09DA}.Debug|x86.ActiveCfg = Debug|Win32
		{662F3F78-8ABF-4FA7-83B7-10600C8A09DA}.Debug|x86.Build.0 = Debug|Win32
		{662F3F78-8ABF-4FA7-83B7-10600C8A09DA}.Release|x64.ActiveCfg = Release|x64
		{662F3F78-8ABF-4FA7-83B7-10600C8A09DA}.Release|x64.Build.0 = Release|x64
		{662F3F78-8ABF-4FA7-83B7-10600C8A09DA}.Release|x86.ActiveCfg = Release|Win32
		{662F3F78-8ABF-4FA7-83B7-10600C8A09DA}.Release|x86.Build.0 = Release|Win32
		{375A75F2-29BA-448D-BBAC-9587CA841207}.Debug|x64.ActiveCfg = Debug|x64
		{375A75F2-29BA-448D-BBAC-9587CA841207}.Debug|x64.Build.0 = Debug|x64
		{375A75F2-29BA-448D-BBAC-9587CA841207}.Debug|x86.ActiveCfg = Debug|Win32
		{375A75F2-29BA-448D-BBAC-9587CA841207}.Debug|x86.Build.0 = Debug|Win32
		{375A75F2-29BA-448D-BBAC-9587CA841207}.Release|x64.ActiveCfg = Release|x64
		{375A75F2-29BA-448D-BBAC-9587CA841207}.Release|x64.Build.0 = Release|x64
		{375A75F2-29BA-448D-BBAC-9587CA841207}.Release|x86.ActiveCfg = Release|Win32
		{375A75F2-29BA-448D-BBAC-9587CA841207}.Release|x86.Build.0 = Release|Win32
		{BB5DEE8F-85DC-4C49-9C11-02FBC0AABB4C}.Debug|x64.ActiveCfg = Debug|x64
		{BB5DEE8F-85DC-4C49-9C11-02FBC0AABB4C}.Debug|x64.Build.0 = Debug|x64
		{BB5DEE8F-85DC-4C49-9C11-02FBC0AABB4C}.Debug|x86.ActiveCfg = Debug|Win32
		{BB5DEE8F-85DC-4C49-9C11-02FBC0AABB4C}.Debug|x86.Build.0 = Debug|Win32
		{BB5DEE8F-85DC-4C49-9C11-02FBC0AABB4C}.Release|x64.ActiveCfg = Release|x64
		{BB5DEE8F-85DC-4C49-9C11-02FBC0AABB4C}.Release|x64.Build.0 = Release|x64
		{BB5DEE8F-85DC-4C49-9C11-02FBC0AABB4C}.Release|x86.ActiveCfg = Release|Win32
		{BB5DEE8F-85DC-4C49-9C11-02FBC0AABB4C}.Release|x86.Build.0 = Release|Win32
		{D735F988-0EE6-416A-8F09-36E220E1D379}.Debug|x64.ActiveCfg = Debug|x64
		{D735F988-0EE6-416A-8F09-36E220E1D379}.Debug|x64.Build.0 = Debug|x64
		{D735F988-0EE6-416A-8F09-36E220E1D379}.Debug|x86.ActiveCfg = Debug|Win32
		{D735F988-0EE6-416A-8F09-36E220E1D379}.Debug|x86.Build.0 = Debug|Win32
		{D735F988-0EE6-416A-8F09-36E220E1D379}.Release|x64.ActiveCfg = Release|x64
		{D735F988-0EE6-416A-8F09-36E220E1D379}.Release|x64.Build.0 = Release|x64
		{D735F988-0EE6-416A-8F09-36E220E1D379}.Release|x86.ActiveCfg = Release|Win32
		{D735F988-0EE6-416A-8F09-36E220E1D379}.Release|x86.Build.0 = Release|Win32
	EndGlobalSection
	GlobalSection(SolutionProperties) = preSolution
		HideSolutionNode = FALSE
	EndGlobalSection
	GlobalSection(ExtensibilityGlobals) = postSolution
		SolutionGuid = {DAFAA61B-F3D7-4198-AD57-0C284F9CED59}
	EndGlobalSection
EndGlobal
