
Microsoft Visual Studio Solution File, Format Version 12.00
# Visual Studio 15
VisualStudioVersion = 15.0.28307.1401
MinimumVisualStudioVersion = 10.0.40219.1
Project("{8BC9CEB8-8B4A-11D0-8D11-00A0C91BC942}") = "SelectDemo", "SelectDemo\SelectDemo.vcxproj", "{D65FBB43-FA39-4B8F-AC26-808B44511151}"
EndProject
Project("{8BC9CEB8-8B4A-11D0-8D11-00A0C91BC942}") = "Client", "Client\Client.vcxproj", "{17426F37-71A2-4CCC-B3FF-455956D42057}"
EndProject
Global
	GlobalSection(SolutionConfigurationPlatforms) = preSolution
		Debug|x64 = Debug|x64
		Debug|x86 = Debug|x86
		Release|x64 = Release|x64
		Release|x86 = Release|x86
	EndGlobalSection
	GlobalSection(ProjectConfigurationPlatforms) = postSolution
		{D65FBB43-FA39-4B8F-AC26-808B44511151}.Debug|x64.ActiveCfg = Debug|x64
		{D65FBB43-FA39-4B8F-AC26-808B44511151}.Debug|x64.Build.0 = Debug|x64
		{D65FBB43-FA39-4B8F-AC26-808B44511151}.Debug|x86.ActiveCfg = Debug|Win32
		{D65FBB43-FA39-4B8F-AC26-808B44511151}.Debug|x86.Build.0 = Debug|Win32
		{D65FBB43-FA39-4B8F-AC26-808B44511151}.Release|x64.ActiveCfg = Release|x64
		{D65FBB43-FA39-4B8F-AC26-808B44511151}.Release|x64.Build.0 = Release|x64
		{D65FBB43-FA39-4B8F-AC26-808B44511151}.Release|x86.ActiveCfg = Release|Win32
		{D65FBB43-FA39-4B8F-AC26-808B44511151}.Release|x86.Build.0 = Release|Win32
		{17426F37-71A2-4CCC-B3FF-455956D42057}.Debug|x64.ActiveCfg = Debug|x64
		{17426F37-71A2-4CCC-B3FF-455956D42057}.Debug|x64.Build.0 = Debug|x64
		{17426F37-71A2-4CCC-B3FF-455956D42057}.Debug|x86.ActiveCfg = Debug|Win32
		{17426F37-71A2-4CCC-B3FF-455956D42057}.Debug|x86.Build.0 = Debug|Win32
		{17426F37-71A2-4CCC-B3FF-455956D42057}.Release|x64.ActiveCfg = Release|x64
		{17426F37-71A2-4CCC-B3FF-455956D42057}.Release|x64.Build.0 = Release|x64
		{17426F37-71A2-4CCC-B3FF-455956D42057}.Release|x86.ActiveCfg = Release|Win32
		{17426F37-71A2-4CCC-B3FF-455956D42057}.Release|x86.Build.0 = Release|Win32
	EndGlobalSection
	GlobalSection(SolutionProperties) = preSolution
		HideSolutionNode = FALSE
	EndGlobalSection
	GlobalSection(ExtensibilityGlobals) = postSolution
		SolutionGuid = {2593C8CF-16AF-49D4-8E53-919FBD3A4F85}
	EndGlobalSection
EndGlobal
