
Microsoft Visual Studio Solution File, Format Version 12.00
# Visual Studio 15
VisualStudioVersion = 15.0.28307.1401
MinimumVisualStudioVersion = 10.0.40219.1
Project("{8BC9CEB8-8B4A-11D0-8D11-00A0C91BC942}") = "EasyTcpClientGo", "EasyTcpClientGo\EasyTcpClientGo.vcxproj", "{4CD033BB-7A09-48ED-9F80-96484C40550C}"
EndProject
Project("{8BC9CEB8-8B4A-11D0-8D11-00A0C91BC942}") = "EasyTcpServer1.0", "EasyTcpServer1.0\EasyTcpServer1.0.vcxproj", "{BF6DC206-60E9-4278-864C-F060B5DEE98B}"
EndProject
Project("{8BC9CEB8-8B4A-11D0-8D11-00A0C91BC942}") = "EasyTcpClient1.0", "EasyTcpClient1.0\EasyTcpClient1.0.vcxproj", "{4C866D5C-F7BA-4E4F-A68C-AC3F1FB496DF}"
EndProject
Project("{8BC9CEB8-8B4A-11D0-8D11-00A0C91BC942}") = "EasyTcpServerGo", "EasyTcpServerGo\EasyTcpServerGo.vcxproj", "{8AA4EFA2-2511-4AFB-9D88-F4CCF4D93C98}"
EndProject
Project("{8BC9CEB8-8B4A-11D0-8D11-00A0C91BC942}") = "EasyTcpServer1.2", "EasyTcpServer1.2\EasyTcpServer1.2.vcxproj", "{2A7AC47F-45CE-4DB9-B072-9FCFF754D204}"
EndProject
Project("{8BC9CEB8-8B4A-11D0-8D11-00A0C91BC942}") = "EasyTcpClient1.2", "EasyTcpClient1.2\EasyTcpClient1.2.vcxproj", "{6B9BE4A1-E6BE-4867-9EB6-EDE8CF6FE624}"
EndProject
Project("{8BC9CEB8-8B4A-11D0-8D11-00A0C91BC942}") = "EasyTcpServer1.3", "EasyTcpServer1.3\EasyTcpServer1.3.vcxproj", "{45BFB165-07C2-42CD-8E4F-FB2B4B71F541}"
EndProject
Project("{8BC9CEB8-8B4A-11D0-8D11-00A0C91BC942}") = "EasyTcpClient1.3", "EasyTcpClient1.3\EasyTcpClient1.3.vcxproj", "{42AC678D-9A78-4DA2-8249-991474D83398}"
EndProject
Project("{8BC9CEB8-8B4A-11D0-8D11-00A0C91BC942}") = "EasyTcpClient1.4", "EasyTcpClient1.4\EasyTcpClient1.4.vcxproj", "{14487D71-1181-4CCC-83E1-7E1F7801EA80}"
EndProject
Project("{8BC9CEB8-8B4A-11D0-8D11-00A0C91BC942}") = "EasyTcpServer1.4", "EasyTcpServer1.4\EasyTcpServer1.4.vcxproj", "{ABC6A6BF-EAE4-46C5-911A-BD8213F3AC48}"
EndProject
Project("{8BC9CEB8-8B4A-11D0-8D11-00A0C91BC942}") = "EasyTcpClient1.5", "EasyTcpClient1.5\EasyTcpClient1.5.vcxproj", "{92FB5AF3-D145-40D8-849F-52648D65B167}"
EndProject
Project("{8BC9CEB8-8B4A-11D0-8D11-00A0C91BC942}") = "EasyTcpServer1.5", "EasyTcpServer1.5\EasyTcpServer1.5.vcxproj", "{EDAD603E-2286-40C5-A3BC-BA649EF2F177}"
EndProject
Project("{8BC9CEB8-8B4A-11D0-8D11-00A0C91BC942}") = "EasyTcpServer1.6", "EasyTcpServer1.6\EasyTcpServer1.6.vcxproj", "{30D83B21-68A5-4B64-828E-B583730840F6}"
EndProject
Project("{8BC9CEB8-8B4A-11D0-8D11-00A0C91BC942}") = "EasyTcpClient1.6", "EasyTcpClient1.6\EasyTcpClient1.6.vcxproj", "{FAD3B71C-CDF8-4FC1-858F-1B75FE4214C1}"
EndProject
Project("{8BC9CEB8-8B4A-11D0-8D11-00A0C91BC942}") = "EasyTcpServer1.7", "EasyTcpServer1.7\EasyTcpServer1.7.vcxproj", "{37F0C5DB-C09C-4FEF-A065-1DCED1A8FA37}"
EndProject
Project("{8BC9CEB8-8B4A-11D0-8D11-00A0C91BC942}") = "EasyTcpClient1.7", "EasyTcpClient1.7\EasyTcpClient1.7.vcxproj", "{B9033242-EC06-4AD2-939D-2F36323E2E6E}"
EndProject
Project("{8BC9CEB8-8B4A-11D0-8D11-00A0C91BC942}") = "EasyTcpClient1.8", "EasyTcpClient1.8\EasyTcpClient1.8.vcxproj", "{ACAA2BE9-30CD-46E2-AF62-BC268BE6D226}"
EndProject
Project("{8BC9CEB8-8B4A-11D0-8D11-00A0C91BC942}") = "EasyTcpServer1.8.1", "EasyTcpServer1.8.1\EasyTcpServer1.8.1.vcxproj", "{B4C4B1C8-DC21-446B-9F8D-8C0E5D7CC504}"
EndProject
Project("{8BC9CEB8-8B4A-11D0-8D11-00A0C91BC942}") = "EasyTcpServer1.8.3", "EasyTcpServer1.8.3\EasyTcpServer1.8.3.vcxproj", "{DB0360AC-6240-42A6-B92D-FF1485885069}"
EndProject
Project("{8BC9CEB8-8B4A-11D0-8D11-00A0C91BC942}") = "EasyTcpServer1.8", "EasyTcpServer1.8\EasyTcpServer1.8.vcxproj", "{116AAD6B-0185-4977-BE5A-62E38DAA77C4}"
EndProject
Global
	GlobalSection(SolutionConfigurationPlatforms) = preSolution
		Debug|x64 = Debug|x64
		Debug|x86 = Debug|x86
		Release|x64 = Release|x64
		Release|x86 = Release|x86
	EndGlobalSection
	GlobalSection(ProjectConfigurationPlatforms) = postSolution
		{4CD033BB-7A09-48ED-9F80-96484C40550C}.Debug|x64.ActiveCfg = Debug|x64
		{4CD033BB-7A09-48ED-9F80-96484C40550C}.Debug|x64.Build.0 = Debug|x64
		{4CD033BB-7A09-48ED-9F80-96484C40550C}.Debug|x86.ActiveCfg = Debug|Win32
		{4CD033BB-7A09-48ED-9F80-96484C40550C}.Debug|x86.Build.0 = Debug|Win32
		{4CD033BB-7A09-48ED-9F80-96484C40550C}.Release|x64.ActiveCfg = Release|x64
		{4CD033BB-7A09-48ED-9F80-96484C40550C}.Release|x64.Build.0 = Release|x64
		{4CD033BB-7A09-48ED-9F80-96484C40550C}.Release|x86.ActiveCfg = Release|Win32
		{4CD033BB-7A09-48ED-9F80-96484C40550C}.Release|x86.Build.0 = Release|Win32
		{BF6DC206-60E9-4278-864C-F060B5DEE98B}.Debug|x64.ActiveCfg = Debug|x64
		{BF6DC206-60E9-4278-864C-F060B5DEE98B}.Debug|x64.Build.0 = Debug|x64
		{BF6DC206-60E9-4278-864C-F060B5DEE98B}.Debug|x86.ActiveCfg = Debug|Win32
		{BF6DC206-60E9-4278-864C-F060B5DEE98B}.Debug|x86.Build.0 = Debug|Win32
		{BF6DC206-60E9-4278-864C-F060B5DEE98B}.Release|x64.ActiveCfg = Release|x64
		{BF6DC206-60E9-4278-864C-F060B5DEE98B}.Release|x64.Build.0 = Release|x64
		{BF6DC206-60E9-4278-864C-F060B5DEE98B}.Release|x86.ActiveCfg = Release|Win32
		{BF6DC206-60E9-4278-864C-F060B5DEE98B}.Release|x86.Build.0 = Release|Win32
		{4C866D5C-F7BA-4E4F-A68C-AC3F1FB496DF}.Debug|x64.ActiveCfg = Debug|x64
		{4C866D5C-F7BA-4E4F-A68C-AC3F1FB496DF}.Debug|x64.Build.0 = Debug|x64
		{4C866D5C-F7BA-4E4F-A68C-AC3F1FB496DF}.Debug|x86.ActiveCfg = Debug|Win32
		{4C866D5C-F7BA-4E4F-A68C-AC3F1FB496DF}.Debug|x86.Build.0 = Debug|Win32
		{4C866D5C-F7BA-4E4F-A68C-AC3F1FB496DF}.Release|x64.ActiveCfg = Release|x64
		{4C866D5C-F7BA-4E4F-A68C-AC3F1FB496DF}.Release|x64.Build.0 = Release|x64
		{4C866D5C-F7BA-4E4F-A68C-AC3F1FB496DF}.Release|x86.ActiveCfg = Release|Win32
		{4C866D5C-F7BA-4E4F-A68C-AC3F1FB496DF}.Release|x86.Build.0 = Release|Win32
		{8AA4EFA2-2511-4AFB-9D88-F4CCF4D93C98}.Debug|x64.ActiveCfg = Debug|x64
		{8AA4EFA2-2511-4AFB-9D88-F4CCF4D93C98}.Debug|x64.Build.0 = Debug|x64
		{8AA4EFA2-2511-4AFB-9D88-F4CCF4D93C98}.Debug|x86.ActiveCfg = Debug|Win32
		{8AA4EFA2-2511-4AFB-9D88-F4CCF4D93C98}.Debug|x86.Build.0 = Debug|Win32
		{8AA4EFA2-2511-4AFB-9D88-F4CCF4D93C98}.Release|x64.ActiveCfg = Release|x64
		{8AA4EFA2-2511-4AFB-9D88-F4CCF4D93C98}.Release|x64.Build.0 = Release|x64
		{8AA4EFA2-2511-4AFB-9D88-F4CCF4D93C98}.Release|x86.ActiveCfg = Release|Win32
		{8AA4EFA2-2511-4AFB-9D88-F4CCF4D93C98}.Release|x86.Build.0 = Release|Win32
		{2A7AC47F-45CE-4DB9-B072-9FCFF754D204}.Debug|x64.ActiveCfg = Debug|x64
		{2A7AC47F-45CE-4DB9-B072-9FCFF754D204}.Debug|x64.Build.0 = Debug|x64
		{2A7AC47F-45CE-4DB9-B072-9FCFF754D204}.Debug|x86.ActiveCfg = Debug|Win32
		{2A7AC47F-45CE-4DB9-B072-9FCFF754D204}.Debug|x86.Build.0 = Debug|Win32
		{2A7AC47F-45CE-4DB9-B072-9FCFF754D204}.Release|x64.ActiveCfg = Release|x64
		{2A7AC47F-45CE-4DB9-B072-9FCFF754D204}.Release|x64.Build.0 = Release|x64
		{2A7AC47F-45CE-4DB9-B072-9FCFF754D204}.Release|x86.ActiveCfg = Release|Win32
		{2A7AC47F-45CE-4DB9-B072-9FCFF754D204}.Release|x86.Build.0 = Release|Win32
		{6B9BE4A1-E6BE-4867-9EB6-EDE8CF6FE624}.Debug|x64.ActiveCfg = Debug|x64
		{6B9BE4A1-E6BE-4867-9EB6-EDE8CF6FE624}.Debug|x64.Build.0 = Debug|x64
		{6B9BE4A1-E6BE-4867-9EB6-EDE8CF6FE624}.Debug|x86.ActiveCfg = Debug|Win32
		{6B9BE4A1-E6BE-4867-9EB6-EDE8CF6FE624}.Debug|x86.Build.0 = Debug|Win32
		{6B9BE4A1-E6BE-4867-9EB6-EDE8CF6FE624}.Release|x64.ActiveCfg = Release|x64
		{6B9BE4A1-E6BE-4867-9EB6-EDE8CF6FE624}.Release|x64.Build.0 = Release|x64
		{6B9BE4A1-E6BE-4867-9EB6-EDE8CF6FE624}.Release|x86.ActiveCfg = Release|Win32
		{6B9BE4A1-E6BE-4867-9EB6-EDE8CF6FE624}.Release|x86.Build.0 = Release|Win32
		{45BFB165-07C2-42CD-8E4F-FB2B4B71F541}.Debug|x64.ActiveCfg = Debug|x64
		{45BFB165-07C2-42CD-8E4F-FB2B4B71F541}.Debug|x64.Build.0 = Debug|x64
		{45BFB165-07C2-42CD-8E4F-FB2B4B71F541}.Debug|x86.ActiveCfg = Debug|Win32
		{45BFB165-07C2-42CD-8E4F-FB2B4B71F541}.Debug|x86.Build.0 = Debug|Win32
		{45BFB165-07C2-42CD-8E4F-FB2B4B71F541}.Release|x64.ActiveCfg = Release|x64
		{45BFB165-07C2-42CD-8E4F-FB2B4B71F541}.Release|x64.Build.0 = Release|x64
		{45BFB165-07C2-42CD-8E4F-FB2B4B71F541}.Release|x86.ActiveCfg = Release|Win32
		{45BFB165-07C2-42CD-8E4F-FB2B4B71F541}.Release|x86.Build.0 = Release|Win32
		{42AC678D-9A78-4DA2-8249-991474D83398}.Debug|x64.ActiveCfg = Debug|x64
		{42AC678D-9A78-4DA2-8249-991474D83398}.Debug|x64.Build.0 = Debug|x64
		{42AC678D-9A78-4DA2-8249-991474D83398}.Debug|x86.ActiveCfg = Debug|Win32
		{42AC678D-9A78-4DA2-8249-991474D83398}.Debug|x86.Build.0 = Debug|Win32
		{42AC678D-9A78-4DA2-8249-991474D83398}.Release|x64.ActiveCfg = Release|x64
		{42AC678D-9A78-4DA2-8249-991474D83398}.Release|x64.Build.0 = Release|x64
		{42AC678D-9A78-4DA2-8249-991474D83398}.Release|x86.ActiveCfg = Release|Win32
		{42AC678D-9A78-4DA2-8249-991474D83398}.Release|x86.Build.0 = Release|Win32
		{14487D71-1181-4CCC-83E1-7E1F7801EA80}.Debug|x64.ActiveCfg = Debug|x64
		{14487D71-1181-4CCC-83E1-7E1F7801EA80}.Debug|x64.Build.0 = Debug|x64
		{14487D71-1181-4CCC-83E1-7E1F7801EA80}.Debug|x86.ActiveCfg = Debug|Win32
		{14487D71-1181-4CCC-83E1-7E1F7801EA80}.Debug|x86.Build.0 = Debug|Win32
		{14487D71-1181-4CCC-83E1-7E1F7801EA80}.Release|x64.ActiveCfg = Release|x64
		{14487D71-1181-4CCC-83E1-7E1F7801EA80}.Release|x64.Build.0 = Release|x64
		{14487D71-1181-4CCC-83E1-7E1F7801EA80}.Release|x86.ActiveCfg = Release|Win32
		{14487D71-1181-4CCC-83E1-7E1F7801EA80}.Release|x86.Build.0 = Release|Win32
		{ABC6A6BF-EAE4-46C5-911A-BD8213F3AC48}.Debug|x64.ActiveCfg = Debug|x64
		{ABC6A6BF-EAE4-46C5-911A-BD8213F3AC48}.Debug|x64.Build.0 = Debug|x64
		{ABC6A6BF-EAE4-46C5-911A-BD8213F3AC48}.Debug|x86.ActiveCfg = Debug|Win32
		{ABC6A6BF-EAE4-46C5-911A-BD8213F3AC48}.Debug|x86.Build.0 = Debug|Win32
		{ABC6A6BF-EAE4-46C5-911A-BD8213F3AC48}.Release|x64.ActiveCfg = Release|x64
		{ABC6A6BF-EAE4-46C5-911A-BD8213F3AC48}.Release|x64.Build.0 = Release|x64
		{ABC6A6BF-EAE4-46C5-911A-BD8213F3AC48}.Release|x86.ActiveCfg = Release|Win32
		{ABC6A6BF-EAE4-46C5-911A-BD8213F3AC48}.Release|x86.Build.0 = Release|Win32
		{92FB5AF3-D145-40D8-849F-52648D65B167}.Debug|x64.ActiveCfg = Debug|x64
		{92FB5AF3-D145-40D8-849F-52648D65B167}.Debug|x64.Build.0 = Debug|x64
		{92FB5AF3-D145-40D8-849F-52648D65B167}.Debug|x86.ActiveCfg = Debug|Win32
		{92FB5AF3-D145-40D8-849F-52648D65B167}.Debug|x86.Build.0 = Debug|Win32
		{92FB5AF3-D145-40D8-849F-52648D65B167}.Release|x64.ActiveCfg = Release|x64
		{92FB5AF3-D145-40D8-849F-52648D65B167}.Release|x64.Build.0 = Release|x64
		{92FB5AF3-D145-40D8-849F-52648D65B167}.Release|x86.ActiveCfg = Release|Win32
		{92FB5AF3-D145-40D8-849F-52648D65B167}.Release|x86.Build.0 = Release|Win32
		{EDAD603E-2286-40C5-A3BC-BA649EF2F177}.Debug|x64.ActiveCfg = Debug|x64
		{EDAD603E-2286-40C5-A3BC-BA649EF2F177}.Debug|x64.Build.0 = Debug|x64
		{EDAD603E-2286-40C5-A3BC-BA649EF2F177}.Debug|x86.ActiveCfg = Debug|Win32
		{EDAD603E-2286-40C5-A3BC-BA649EF2F177}.Debug|x86.Build.0 = Debug|Win32
		{EDAD603E-2286-40C5-A3BC-BA649EF2F177}.Release|x64.ActiveCfg = Release|x64
		{EDAD603E-2286-40C5-A3BC-BA649EF2F177}.Release|x64.Build.0 = Release|x64
		{EDAD603E-2286-40C5-A3BC-BA649EF2F177}.Release|x86.ActiveCfg = Release|Win32
		{EDAD603E-2286-40C5-A3BC-BA649EF2F177}.Release|x86.Build.0 = Release|Win32
		{30D83B21-68A5-4B64-828E-B583730840F6}.Debug|x64.ActiveCfg = Debug|x64
		{30D83B21-68A5-4B64-828E-B583730840F6}.Debug|x64.Build.0 = Debug|x64
		{30D83B21-68A5-4B64-828E-B583730840F6}.Debug|x86.ActiveCfg = Debug|Win32
		{30D83B21-68A5-4B64-828E-B583730840F6}.Debug|x86.Build.0 = Debug|Win32
		{30D83B21-68A5-4B64-828E-B583730840F6}.Release|x64.ActiveCfg = Release|x64
		{30D83B21-68A5-4B64-828E-B583730840F6}.Release|x64.Build.0 = Release|x64
		{30D83B21-68A5-4B64-828E-B583730840F6}.Release|x86.ActiveCfg = Release|Win32
		{30D83B21-68A5-4B64-828E-B583730840F6}.Release|x86.Build.0 = Release|Win32
		{FAD3B71C-CDF8-4FC1-858F-1B75FE4214C1}.Debug|x64.ActiveCfg = Debug|x64
		{FAD3B71C-CDF8-4FC1-858F-1B75FE4214C1}.Debug|x64.Build.0 = Debug|x64
		{FAD3B71C-CDF8-4FC1-858F-1B75FE4214C1}.Debug|x86.ActiveCfg = Debug|Win32
		{FAD3B71C-CDF8-4FC1-858F-1B75FE4214C1}.Debug|x86.Build.0 = Debug|Win32
		{FAD3B71C-CDF8-4FC1-858F-1B75FE4214C1}.Release|x64.ActiveCfg = Release|x64
		{FAD3B71C-CDF8-4FC1-858F-1B75FE4214C1}.Release|x64.Build.0 = Release|x64
		{FAD3B71C-CDF8-4FC1-858F-1B75FE4214C1}.Release|x86.ActiveCfg = Release|Win32
		{FAD3B71C-CDF8-4FC1-858F-1B75FE4214C1}.Release|x86.Build.0 = Release|Win32
		{37F0C5DB-C09C-4FEF-A065-1DCED1A8FA37}.Debug|x64.ActiveCfg = Debug|x64
		{37F0C5DB-C09C-4FEF-A065-1DCED1A8FA37}.Debug|x64.Build.0 = Debug|x64
		{37F0C5DB-C09C-4FEF-A065-1DCED1A8FA37}.Debug|x86.ActiveCfg = Debug|Win32
		{37F0C5DB-C09C-4FEF-A065-1DCED1A8FA37}.Debug|x86.Build.0 = Debug|Win32
		{37F0C5DB-C09C-4FEF-A065-1DCED1A8FA37}.Release|x64.ActiveCfg = Release|x64
		{37F0C5DB-C09C-4FEF-A065-1DCED1A8FA37}.Release|x64.Build.0 = Release|x64
		{37F0C5DB-C09C-4FEF-A065-1DCED1A8FA37}.Release|x86.ActiveCfg = Release|Win32
		{37F0C5DB-C09C-4FEF-A065-1DCED1A8FA37}.Release|x86.Build.0 = Release|Win32
		{B9033242-EC06-4AD2-939D-2F36323E2E6E}.Debug|x64.ActiveCfg = Debug|x64
		{B9033242-EC06-4AD2-939D-2F36323E2E6E}.Debug|x64.Build.0 = Debug|x64
		{B9033242-EC06-4AD2-939D-2F36323E2E6E}.Debug|x86.ActiveCfg = Debug|Win32
		{B9033242-EC06-4AD2-939D-2F36323E2E6E}.Debug|x86.Build.0 = Debug|Win32
		{B9033242-EC06-4AD2-939D-2F36323E2E6E}.Release|x64.ActiveCfg = Release|x64
		{B9033242-EC06-4AD2-939D-2F36323E2E6E}.Release|x64.Build.0 = Release|x64
		{B9033242-EC06-4AD2-939D-2F36323E2E6E}.Release|x86.ActiveCfg = Release|Win32
		{B9033242-EC06-4AD2-939D-2F36323E2E6E}.Release|x86.Build.0 = Release|Win32
		{ACAA2BE9-30CD-46E2-AF62-BC268BE6D226}.Debug|x64.ActiveCfg = Debug|x64
		{ACAA2BE9-30CD-46E2-AF62-BC268BE6D226}.Debug|x64.Build.0 = Debug|x64
		{ACAA2BE9-30CD-46E2-AF62-BC268BE6D226}.Debug|x86.ActiveCfg = Debug|Win32
		{ACAA2BE9-30CD-46E2-AF62-BC268BE6D226}.Debug|x86.Build.0 = Debug|Win32
		{ACAA2BE9-30CD-46E2-AF62-BC268BE6D226}.Release|x64.ActiveCfg = Release|x64
		{ACAA2BE9-30CD-46E2-AF62-BC268BE6D226}.Release|x64.Build.0 = Release|x64
		{ACAA2BE9-30CD-46E2-AF62-BC268BE6D226}.Release|x86.ActiveCfg = Release|Win32
		{ACAA2BE9-30CD-46E2-AF62-BC268BE6D226}.Release|x86.Build.0 = Release|Win32
		{B4C4B1C8-DC21-446B-9F8D-8C0E5D7CC504}.Debug|x64.ActiveCfg = Debug|x64
		{B4C4B1C8-DC21-446B-9F8D-8C0E5D7CC504}.Debug|x64.Build.0 = Debug|x64
		{B4C4B1C8-DC21-446B-9F8D-8C0E5D7CC504}.Debug|x86.ActiveCfg = Debug|Win32
		{B4C4B1C8-DC21-446B-9F8D-8C0E5D7CC504}.Debug|x86.Build.0 = Debug|Win32
		{B4C4B1C8-DC21-446B-9F8D-8C0E5D7CC504}.Release|x64.ActiveCfg = Release|x64
		{B4C4B1C8-DC21-446B-9F8D-8C0E5D7CC504}.Release|x64.Build.0 = Release|x64
		{B4C4B1C8-DC21-446B-9F8D-8C0E5D7CC504}.Release|x86.ActiveCfg = Release|Win32
		{B4C4B1C8-DC21-446B-9F8D-8C0E5D7CC504}.Release|x86.Build.0 = Release|Win32
		{DB0360AC-6240-42A6-B92D-FF1485885069}.Debug|x64.ActiveCfg = Debug|x64
		{DB0360AC-6240-42A6-B92D-FF1485885069}.Debug|x64.Build.0 = Debug|x64
		{DB0360AC-6240-42A6-B92D-FF1485885069}.Debug|x86.ActiveCfg = Debug|Win32
		{DB0360AC-6240-42A6-B92D-FF1485885069}.Debug|x86.Build.0 = Debug|Win32
		{DB0360AC-6240-42A6-B92D-FF1485885069}.Release|x64.ActiveCfg = Release|x64
		{DB0360AC-6240-42A6-B92D-FF1485885069}.Release|x64.Build.0 = Release|x64
		{DB0360AC-6240-42A6-B92D-FF1485885069}.Release|x86.ActiveCfg = Release|Win32
		{DB0360AC-6240-42A6-B92D-FF1485885069}.Release|x86.Build.0 = Release|Win32
		{116AAD6B-0185-4977-BE5A-62E38DAA77C4}.Debug|x64.ActiveCfg = Debug|x64
		{116AAD6B-0185-4977-BE5A-62E38DAA77C4}.Debug|x64.Build.0 = Debug|x64
		{116AAD6B-0185-4977-BE5A-62E38DAA77C4}.Debug|x86.ActiveCfg = Debug|Win32
		{116AAD6B-0185-4977-BE5A-62E38DAA77C4}.Debug|x86.Build.0 = Debug|Win32
		{116AAD6B-0185-4977-BE5A-62E38DAA77C4}.Release|x64.ActiveCfg = Release|x64
		{116AAD6B-0185-4977-BE5A-62E38DAA77C4}.Release|x64.Build.0 = Release|x64
		{116AAD6B-0185-4977-BE5A-62E38DAA77C4}.Release|x86.ActiveCfg = Release|Win32
		{116AAD6B-0185-4977-BE5A-62E38DAA77C4}.Release|x86.Build.0 = Release|Win32
	EndGlobalSection
	GlobalSection(SolutionProperties) = preSolution
		HideSolutionNode = FALSE
	EndGlobalSection
	GlobalSection(ExtensibilityGlobals) = postSolution
		SolutionGuid = {E41E74A0-CC01-4E65-B918-E485FBB3B846}
	EndGlobalSection
EndGlobal
